Microsoft Visual Studio Solution File, Format Version 12.00
# Visual Studio 14
VisualStudioVersion = 14.0.25420.1
MinimumVisualStudioVersion = 10.0.40219.1
Project("{FAE04EC0-301F-11D3-BF4B-00C04F79EFBC}") = "ConsoleUI", "ConsoleUI\ConsoleUI.csproj", "{58D9382F-B50C-4FC1-AA01-E2F0DD8D0E1E}"
EndProject
Project("{FAE04EC0-301F-11D3-BF4B-00C04F79EFBC}") = "TeamSpeak3QueryApi", "TeamSpeak3QueryApi\TeamSpeak3QueryApi.csproj", "{5E319CF3-6546-42B5-B9C2-E67D8E2C0D2D}"
EndProject
Project("{FAE04EC0-301F-11D3-BF4B-00C04F79EFBC}") = "TeamSpeak Core", "TeamSpeak Core\TeamSpeak Core.csproj", "{6A0DDC7B-DB3D-4DD7-9DDE-0754B882EF94}"
EndProject
Project("{FAE04EC0-301F-11D3-BF4B-00C04F79EFBC}") = "TeamSpeak Repository", "TeamSpeakRepository\TeamSpeak Repository.csproj", "{71780DB7-AAF7-4668-937E-B49B5F0BC2F8}"
EndProject
Project("{FAE04EC0-301F-11D3-BF4B-00C04F79EFBC}") = "BotManagerApplication", "BotManagerApplication\BotManagerApplication.csproj", "{168F5B1D-882A-4F0C-9D68-6D86CB5F162A}"
EndProject
Project("{2150E333-8FDC-42A3-9474-1A3956D46DE8}") = "TeamSpeak", "TeamSpeak", "{7D9B7DD2-F8E1-453F-B4CF-9819F2E6C378}"
EndProject
Project("{2150E333-8FDC-42A3-9474-1A3956D46DE8}") = "UI", "UI", "{685EF510-47A0-495F-8F26-24EEF02AA6B8}"
EndProject
Project("{2150E333-8FDC-42A3-9474-1A3956D46DE8}") = "Discord", "Discord", "{F17D0C3C-A3D7-4973-AA22-438B35356809}"
EndProject
Project("{2150E333-8FDC-42A3-9474-1A3956D46DE8}") = "Core", "Core", "{7B7255C2-6DAD-4836-B0BB-7AB415F6F16F}"
EndProject
Project("{FAE04EC0-301F-11D3-BF4B-00C04F79EFBC}") = "TestUI", "TestUI\TestUI.csproj", "{9A022742-5825-4EAA-B33F-647E448C11EA}"
EndProject
Project("{FAE04EC0-301F-11D3-BF4B-00C04F79EFBC}") = "Core Utility", "Core Utility\Core Utility.csproj", "{19FA8CAC-C117-464B-9BC2-5B5BB70D32D0}"
EndProject
Project("{2150E333-8FDC-42A3-9474-1A3956D46DE8}") = "RambotDb", "RambotDb", "{8F5C3562-2482-48FA-883F-A251B991AFDB}"
EndProject
Project("{FAE04EC0-301F-11D3-BF4B-00C04F79EFBC}") = "Rambot Repository", "RambotRepository\Rambot Repository.csproj", "{83534DF0-CF46-490B-9BF2-3AF60EA8F758}"
EndProject
Project("{FAE04EC0-301F-11D3-BF4B-00C04F79EFBC}") = "Core Interface", "Core Interface\Core Interface.csproj", "{83CF8119-40B6-4A1B-BCEC-B3651CC09106}"
EndProject
Project("{FAE04EC0-301F-11D3-BF4B-00C04F79EFBC}") = "Core Implementation", "Core Implementation\Core Implementation.csproj", "{BE96F209-5706-4476-8DD9-CCCF104AF685}"
EndProject
Project("{FAE04EC0-301F-11D3-BF4B-00C04F79EFBC}") = "DiscordTest", "DiscordTest\DiscordTest.csproj", "{88C52482-F663-48AE-9DE1-FF818F7D0313}"
EndProject
Global
	GlobalSection(SolutionConfigurationPlatforms) = preSolution
		Debug|Any CPU = Debug|Any CPU
		Debug|x64 = Debug|x64
		Debug|x86 = Debug|x86
		Release|Any CPU = Release|Any CPU
		Release|x64 = Release|x64
		Release|x86 = Release|x86
	EndGlobalSection
	GlobalSection(ProjectConfigurationPlatforms) = postSolution
		{58D9382F-B50C-4FC1-AA01-E2F0DD8D0E1E}.Debug|Any CPU.ActiveCfg = Debug|Any CPU
		{58D9382F-B50C-4FC1-AA01-E2F0DD8D0E1E}.Debug|Any CPU.Build.0 = Debug|Any CPU
		{58D9382F-B50C-4FC1-AA01-E2F0DD8D0E1E}.Debug|x64.ActiveCfg = Debug|Any CPU
		{58D9382F-B50C-4FC1-AA01-E2F0DD8D0E1E}.Debug|x64.Build.0 = Debug|Any CPU
		{58D9382F-B50C-4FC1-AA01-E2F0DD8D0E1E}.Debug|x86.ActiveCfg = Debug|Any CPU
		{58D9382F-B50C-4FC1-AA01-E2F0DD8D0E1E}.Debug|x86.Build.0 = Debug|Any CPU
		{58D9382F-B50C-4FC1-AA01-E2F0DD8D0E1E}.Release|Any CPU.ActiveCfg = Release|Any CPU
		{58D9382F-B50C-4FC1-AA01-E2F0DD8D0E1E}.Release|Any CPU.Build.0 = Release|Any CPU
		{58D9382F-B50C-4FC1-AA01-E2F0DD8D0E1E}.Release|x64.ActiveCfg = Release|Any CPU
		{58D9382F-B50C-4FC1-AA01-E2F0DD8D0E1E}.Release|x64.Build.0 = Release|Any CPU
		{58D9382F-B50C-4FC1-AA01-E2F0DD8D0E1E}.Release|x86.ActiveCfg = Release|Any CPU
		{58D9382F-B50C-4FC1-AA01-E2F0DD8D0E1E}.Release|x86.Build.0 = Release|Any CPU
		{5E319CF3-6546-42B5-B9C2-E67D8E2C0D2D}.Debug|Any CPU.ActiveCfg = Debug|Any CPU
		{5E319CF3-6546-42B5-B9C2-E67D8E2C0D2D}.Debug|Any CPU.Build.0 = Debug|Any CPU
		{5E319CF3-6546-42B5-B9C2-E67D8E2C0D2D}.Debug|x64.ActiveCfg = Debug|Any CPU
		{5E319CF3-6546-42B5-B9C2-E67D8E2C0D2D}.Debug|x64.Build.0 = Debug|Any CPU
		{5E319CF3-6546-42B5-B9C2-E67D8E2C0D2D}.Debug|x86.ActiveCfg = Debug|Any CPU
		{5E319CF3-6546-42B5-B9C2-E67D8E2C0D2D}.Debug|x86.Build.0 = Debug|Any CPU
		{5E319CF3-6546-42B5-B9C2-E67D8E2C0D2D}.Release|Any CPU.ActiveCfg = Release|Any CPU
		{5E319CF3-6546-42B5-B9C2-E67D8E2C0D2D}.Release|Any CPU.Build.0 = Release|Any CPU
		{5E319CF3-6546-42B5-B9C2-E67D8E2C0D2D}.Release|x64.ActiveCfg = Release|Any CPU
		{5E319CF3-6546-42B5-B9C2-E67D8E2C0D2D}.Release|x64.Build.0 = Release|Any CPU
		{5E319CF3-6546-42B5-B9C2-E67D8E2C0D2D}.Release|x86.ActiveCfg = Release|Any CPU
		{5E319CF3-6546-42B5-B9C2-E67D8E2C0D2D}.Release|x86.Build.0 = Release|Any CPU
		{6A0DDC7B-DB3D-4DD7-9DDE-0754B882EF94}.Debug|Any CPU.ActiveCfg = Debug|Any CPU
		{6A0DDC7B-DB3D-4DD7-9DDE-0754B882EF94}.Debug|Any CPU.Build.0 = Debug|Any CPU
		{6A0DDC7B-DB3D-4DD7-9DDE-0754B882EF94}.Debug|x64.ActiveCfg = Debug|Any CPU
		{6A0DDC7B-DB3D-4DD7-9DDE-0754B882EF94}.Debug|x64.Build.0 = Debug|Any CPU
		{6A0DDC7B-DB3D-4DD7-9DDE-0754B882EF94}.Debug|x86.ActiveCfg = Debug|Any CPU
		{6A0DDC7B-DB3D-4DD7-9DDE-0754B882EF94}.Debug|x86.Build.0 = Debug|Any CPU
		{6A0DDC7B-DB3D-4DD7-9DDE-0754B882EF94}.Release|Any CPU.ActiveCfg = Release|Any CPU
		{6A0DDC7B-DB3D-4DD7-9DDE-0754B882EF94}.Release|Any CPU.Build.0 = Release|Any CPU
		{6A0DDC7B-DB3D-4DD7-9DDE-0754B882EF94}.Release|x64.ActiveCfg = Release|Any CPU
		{6A0DDC7B-DB3D-4DD7-9DDE-0754B882EF94}.Release|x64.Build.0 = Release|Any CPU
		{6A0DDC7B-DB3D-4DD7-9DDE-0754B882EF94}.Release|x86.ActiveCfg = Release|Any CPU
		{6A0DDC7B-DB3D-4DD7-9DDE-0754B882EF94}.Release|x86.Build.0 = Release|Any CPU
		{71780DB7-AAF7-4668-937E-B49B5F0BC2F8}.Debug|Any CPU.ActiveCfg = Debug|Any CPU
		{71780DB7-AAF7-4668-937E-B49B5F0BC2F8}.Debug|Any CPU.Build.0 = Debug|Any CPU
		{71780DB7-AAF7-4668-937E-B49B5F0BC2F8}.Debug|x64.ActiveCfg = Debug|Any CPU
		{71780DB7-AAF7-4668-937E-B49B5F0BC2F8}.Debug|x64.Build.0 = Debug|Any CPU
		{71780DB7-AAF7-4668-937E-B49B5F0BC2F8}.Debug|x86.ActiveCfg = Debug|Any CPU
		{71780DB7-AAF7-4668-937E-B49B5F0BC2F8}.Debug|x86.Build.0 = Debug|Any CPU
		{71780DB7-AAF7-4668-937E-B49B5F0BC2F8}.Release|Any CPU.ActiveCfg = Release|Any CPU
		{71780DB7-AAF7-4668-937E-B49B5F0BC2F8}.Release|Any CPU.Build.0 = Release|Any CPU
		{71780DB7-AAF7-4668-937E-B49B5F0BC2F8}.Release|x64.ActiveCfg = Release|Any CPU
		{71780DB7-AAF7-4668-937E-B49B5F0BC2F8}.Release|x64.Build.0 = Release|Any CPU
		{71780DB7-AAF7-4668-937E-B49B5F0BC2F8}.Release|x86.ActiveCfg = Release|Any CPU
		{71780DB7-AAF7-4668-937E-B49B5F0BC2F8}.Release|x86.Build.0 = Release|Any CPU
		{168F5B1D-882A-4F0C-9D68-6D86CB5F162A}.Debug|Any CPU.ActiveCfg = Debug|Any CPU
		{168F5B1D-882A-4F0C-9D68-6D86CB5F162A}.Debug|Any CPU.Build.0 = Debug|Any CPU
		{168F5B1D-882A-4F0C-9D68-6D86CB5F162A}.Debug|x64.ActiveCfg = Debug|Any CPU
		{168F5B1D-882A-4F0C-9D68-6D86CB5F162A}.Debug|x86.ActiveCfg = Debug|Any CPU
		{168F5B1D-882A-4F0C-9D68-6D86CB5F162A}.Release|Any CPU.ActiveCfg = Release|Any CPU
		{168F5B1D-882A-4F0C-9D68-6D86CB5F162A}.Release|Any CPU.Build.0 = Release|Any CPU
		{168F5B1D-882A-4F0C-9D68-6D86CB5F162A}.Release|x64.ActiveCfg = Release|Any CPU
		{168F5B1D-882A-4F0C-9D68-6D86CB5F162A}.Release|x86.ActiveCfg = Release|Any CPU
		{9A022742-5825-4EAA-B33F-647E448C11EA}.Debug|Any CPU.ActiveCfg = Debug|Any CPU
		{9A022742-5825-4EAA-B33F-647E448C11EA}.Debug|Any CPU.Build.0 = Debug|Any CPU
		{9A022742-5825-4EAA-B33F-647E448C11EA}.Debug|x64.ActiveCfg = Debug|Any CPU
		{9A022742-5825-4EAA-B33F-647E448C11EA}.Debug|x64.Build.0 = Debug|Any CPU
		{9A022742-5825-4EAA-B33F-647E448C11EA}.Debug|x86.ActiveCfg = Debug|Any CPU
		{9A022742-5825-4EAA-B33F-647E448C11EA}.Debug|x86.Build.0 = Debug|Any CPU
		{9A022742-5825-4EAA-B33F-647E448C11EA}.Release|Any CPU.ActiveCfg = Release|Any CPU
		{9A022742-5825-4EAA-B33F-647E448C11EA}.Release|Any CPU.Build.0 = Release|Any CPU
		{9A022742-5825-4EAA-B33F-647E448C11EA}.Release|x64.ActiveCfg = Release|Any CPU
		{9A022742-5825-4EAA-B33F-647E448C11EA}.Release|x64.Build.0 = Release|Any CPU
		{9A022742-5825-4EAA-B33F-647E448C11EA}.Release|x86.ActiveCfg = Release|Any CPU
		{9A022742-5825-4EAA-B33F-647E448C11EA}.Release|x86.Build.0 = Release|Any CPU
		{19FA8CAC-C117-464B-9BC2-5B5BB70D32D0}.Debug|Any CPU.ActiveCfg = Debug|Any CPU
		{19FA8CAC-C117-464B-9BC2-5B5BB70D32D0}.Debug|Any CPU.Build.0 = Debug|Any CPU
		{19FA8CAC-C117-464B-9BC2-5B5BB70D32D0}.Debug|x64.ActiveCfg = Debug|Any CPU
		{19FA8CAC-C117-464B-9BC2-5B5BB70D32D0}.Debug|x64.Build.0 = Debug|Any CPU
		{19FA8CAC-C117-464B-9BC2-5B5BB70D32D0}.Debug|x86.ActiveCfg = Debug|Any CPU
		{19FA8CAC-C117-464B-9BC2-5B5BB70D32D0}.Debug|x86.Build.0 = Debug|Any CPU
		{19FA8CAC-C117-464B-9BC2-5B5BB70D32D0}.Release|Any CPU.ActiveCfg = Release|Any CPU
		{19FA8CAC-C117-464B-9BC2-5B5BB70D32D0}.Release|Any CPU.Build.0 = Release|Any CPU
		{19FA8CAC-C117-464B-9BC2-5B5BB70D32D0}.Release|x64.ActiveCfg = Release|Any CPU
		{19FA8CAC-C117-464B-9BC2-5B5BB70D32D0}.Release|x64.Build.0 = Release|Any CPU
		{19FA8CAC-C117-464B-9BC2-5B5BB70D32D0}.Release|x86.ActiveCfg = Release|Any CPU
		{19FA8CAC-C117-464B-9BC2-5B5BB70D32D0}.Release|x86.Build.0 = Release|Any CPU
		{83534DF0-CF46-490B-9BF2-3AF60EA8F758}.Debug|Any CPU.ActiveCfg = Debug|Any CPU
		{83534DF0-CF46-490B-9BF2-3AF60EA8F758}.Debug|Any CPU.Build.0 = Debug|Any CPU
		{83534DF0-CF46-490B-9BF2-3AF60EA8F758}.Debug|x64.ActiveCfg = Debug|Any CPU
		{83534DF0-CF46-490B-9BF2-3AF60EA8F758}.Debug|x64.Build.0 = Debug|Any CPU
		{83534DF0-CF46-490B-9BF2-3AF60EA8F758}.Debug|x86.ActiveCfg = Debug|Any CPU
		{83534DF0-CF46-490B-9BF2-3AF60EA8F758}.Debug|x86.Build.0 = Debug|Any CPU
		{83534DF0-CF46-490B-9BF2-3AF60EA8F758}.Release|Any CPU.ActiveCfg = Release|Any CPU
		{83534DF0-CF46-490B-9BF2-3AF60EA8F758}.Release|Any CPU.Build.0 = Release|Any CPU
		{83534DF0-CF46-490B-9BF2-3AF60EA8F758}.Release|x64.ActiveCfg = Release|Any CPU
		{83534DF0-CF46-490B-9BF2-3AF60EA8F758}.Release|x64.Build.0 = Release|Any CPU
		{83534DF0-CF46-490B-9BF2-3AF60EA8F758}.Release|x86.ActiveCfg = Release|Any CPU
		{83534DF0-CF46-490B-9BF2-3AF60EA8F758}.Release|x86.Build.0 = Release|Any CPU
		{83CF8119-40B6-4A1B-BCEC-B3651CC09106}.Debug|Any CPU.ActiveCfg = Debug|Any CPU
		{83CF8119-40B6-4A1B-BCEC-B3651CC09106}.Debug|Any CPU.Build.0 = Debug|Any CPU
		{83CF8119-40B6-4A1B-BCEC-B3651CC09106}.Debug|x64.ActiveCfg = Debug|Any CPU
		{83CF8119-40B6-4A1B-BCEC-B3651CC09106}.Debug|x64.Build.0 = Debug|Any CPU
		{83CF8119-40B6-4A1B-BCEC-B3651CC09106}.Debug|x86.ActiveCfg = Debug|Any CPU
		{83CF8119-40B6-4A1B-BCEC-B3651CC09106}.Debug|x86.Build.0 = Debug|Any CPU
		{83CF8119-40B6-4A1B-BCEC-B3651CC09106}.Release|Any CPU.ActiveCfg = Release|Any CPU
		{83CF8119-40B6-4A1B-BCEC-B3651CC09106}.Release|Any CPU.Build.0 = Release|Any CPU
		{83CF8119-40B6-4A1B-BCEC-B3651CC09106}.Release|x64.ActiveCfg = Release|Any CPU
		{83CF8119-40B6-4A1B-BCEC-B3651CC09106}.Release|x64.Build.0 = Release|Any CPU
		{83CF8119-40B6-4A1B-BCEC-B3651CC09106}.Release|x86.ActiveCfg = Release|Any CPU
		{83CF8119-40B6-4A1B-BCEC-B3651CC09106}.Release|x86.Build.0 = Release|Any CPU
		{BE96F209-5706-4476-8DD9-CCCF104AF685}.Debug|Any CPU.ActiveCfg = Debug|Any CPU
		{BE96F209-5706-4476-8DD9-CCCF104AF685}.Debug|Any CPU.Build.0 = Debug|Any CPU
		{BE96F209-5706-4476-8DD9-CCCF104AF685}.Debug|x64.ActiveCfg = Debug|Any CPU
		{BE96F209-5706-4476-8DD9-CCCF104AF685}.Debug|x64.Build.0 = Debug|Any CPU
		{BE96F209-5706-4476-8DD9-CCCF104AF685}.Debug|x86.ActiveCfg = Debug|Any CPU
		{BE96F209-5706-4476-8DD9-CCCF104AF685}.Debug|x86.Build.0 = Debug|Any CPU
		{BE96F209-5706-4476-8DD9-CCCF104AF685}.Release|Any CPU.ActiveCfg = Release|Any CPU
		{BE96F209-5706-4476-8DD9-CCCF104AF685}.Release|Any CPU.Build.0 = Release|Any CPU
		{BE96F209-5706-4476-8DD9-CCCF104AF685}.Release|x64.ActiveCfg = Release|Any CPU
		{BE96F209-5706-4476-8DD9-CCCF104AF685}.Release|x64.Build.0 = Release|Any CPU
		{BE96F209-5706-4476-8DD9-CCCF104AF685}.Release|x86.ActiveCfg = Release|Any CPU
		{BE96F209-5706-4476-8DD9-CCCF104AF685}.Release|x86.Build.0 = Release|Any CPU
		{88C52482-F663-48AE-9DE1-FF818F7D0313}.Debug|Any CPU.ActiveCfg = Debug|Any CPU
		{88C52482-F663-48AE-9DE1-FF818F7D0313}.Debug|Any CPU.Build.0 = Debug|Any CPU
		{88C52482-F663-48AE-9DE1-FF818F7D0313}.Debug|x64.ActiveCfg = Debug|Any CPU
		{88C52482-F663-48AE-9DE1-FF818F7D0313}.Debug|x64.Build.0 = Debug|Any CPU
		{88C52482-F663-48AE-9DE1-FF818F7D0313}.Debug|x86.ActiveCfg = Debug|Any CPU
		{88C52482-F663-48AE-9DE1-FF818F7D0313}.Debug|x86.Build.0 = Debug|Any CPU
		{88C52482-F663-48AE-9DE1-FF818F7D0313}.Release|Any CPU.ActiveCfg = Release|Any CPU
		{88C52482-F663-48AE-9DE1-FF818F7D0313}.Release|Any CPU.Build.0 = Release|Any CPU
		{88C52482-F663-48AE-9DE1-FF818F7D0313}.Release|x64.ActiveCfg = Release|Any CPU
		{88C52482-F663-48AE-9DE1-FF818F7D0313}.Release|x64.Build.0 = Release|Any CPU
		{88C52482-F663-48AE-9DE1-FF818F7D0313}.Release|x86.ActiveCfg = Release|Any CPU
		{88C52482-F663-48AE-9DE1-FF818F7D0313}.Release|x86.Build.0 = Release|Any CPU
	EndGlobalSection
	GlobalSection(SolutionProperties) = preSolution
		HideSolutionNode = FALSE
	EndGlobalSection
	GlobalSection(NestedProjects) = preSolution
		{58D9382F-B50C-4FC1-AA01-E2F0DD8D0E1E} = {685EF510-47A0-495F-8F26-24EEF02AA6B8}
		{6A0DDC7B-DB3D-4DD7-9DDE-0754B882EF94} = {7D9B7DD2-F8E1-453F-B4CF-9819F2E6C378}
		{71780DB7-AAF7-4668-937E-B49B5F0BC2F8} = {7D9B7DD2-F8E1-453F-B4CF-9819F2E6C378}
		{168F5B1D-882A-4F0C-9D68-6D86CB5F162A} = {685EF510-47A0-495F-8F26-24EEF02AA6B8}
		{19FA8CAC-C117-464B-9BC2-5B5BB70D32D0} = {7B7255C2-6DAD-4836-B0BB-7AB415F6F16F}
		{83534DF0-CF46-490B-9BF2-3AF60EA8F758} = {8F5C3562-2482-48FA-883F-A251B991AFDB}
		{83CF8119-40B6-4A1B-BCEC-B3651CC09106} = {7B7255C2-6DAD-4836-B0BB-7AB415F6F16F}
		{BE96F209-5706-4476-8DD9-CCCF104AF685} = {7B7255C2-6DAD-4836-B0BB-7AB415F6F16F}
		{88C52482-F663-48AE-9DE1-FF818F7D0313} = {F17D0C3C-A3D7-4973-AA22-438B35356809}
	EndGlobalSection
EndGlobal
